
Microsoft Visual Studio Solution File, Format Version 12.00
Project("{2150E333-8FDC-42A3-9474-1A3956D46DE8}") = "src", "src", "{827E0CD3-B72D-47B6-A68D-7590B98EB39B}"
EndProject
Project("{FAE04EC0-301F-11D3-BF4B-00C04F79EFBC}") = "Syncify.Api", "src\Syncify.Api\Syncify.Api.csproj", "{654B7E0F-40A0-4B47-87AA-86FBB9F04EA0}"
EndProject
Project("{FAE04EC0-301F-11D3-BF4B-00C04F79EFBC}") = "Syncify.Shared", "src\Syncify.Shared\Syncify.Shared.csproj", "{74731D66-58FA-4920-9B0C-C22B9F53DCEC}"
EndProject
Project("{FAE04EC0-301F-11D3-BF4B-00C04F79EFBC}") = "Syncify.Sync.Application", "src\Syncify.Sync.Application\Syncify.Sync.Application.csproj", "{29ABDEF8-06C3-48BF-98A0-7F25B4184E8B}"
EndProject
Project("{FAE04EC0-301F-11D3-BF4B-00C04F79EFBC}") = "Syncify.Sync.Domain", "src\Syncify.Sync.Domain\Syncify.Sync.Domain.csproj", "{6552DD39-AAB7-420C-8E73-525EC8184575}"
EndProject
Project("{FAE04EC0-301F-11D3-BF4B-00C04F79EFBC}") = "Syncify.Sync.Infrastructure", "src\Syncify.Sync.Infrastructure\Syncify.Sync.Infrastructure.csproj", "{1619509D-2028-4B93-B966-DCD147E9072F}"
EndProject
Project("{FAE04EC0-301F-11D3-BF4B-00C04F79EFBC}") = "Syncify.Connections.Application", "src\Syncify.Connections.Application\Syncify.Connections.Application.csproj", "{AC6C0658-8A7B-4BF9-97F6-DB0927AC481D}"
EndProject
Project("{FAE04EC0-301F-11D3-BF4B-00C04F79EFBC}") = "Syncify.Connections.Domain", "src\Syncify.Connections.Domain\Syncify.Connections.Domain.csproj", "{9AE5ADAE-25ED-474A-8FF7-95BAC5C1825C}"
EndProject
Project("{FAE04EC0-301F-11D3-BF4B-00C04F79EFBC}") = "Syncify.Connections.Infrastructure", "src\Syncify.Connections.Infrastructure\Syncify.Connections.Infrastructure.csproj", "{46251F20-33B6-4ABB-A09B-2C0BB6A38797}"
EndProject
Project("{2150E333-8FDC-42A3-9474-1A3956D46DE8}") = "tests", "tests", "{0AB3BF05-4346-4AA6-1389-037BE0695223}"
	ProjectSection(SolutionItems) = preProject
		tests\Syncify.Sync.Application.Tests\obj\Syncify.Sync.Application.Tests.csproj.nuget.g.props = tests\Syncify.Sync.Application.Tests\obj\Syncify.Sync.Application.Tests.csproj.nuget.g.props
		tests\Syncify.Sync.Application.Tests\obj\rider.project.restore.info = tests\Syncify.Sync.Application.Tests\obj\rider.project.restore.info
		tests\Syncify.Sync.Application.Tests\obj\Syncify.Sync.Application.Tests.csproj.nuget.g.targets = tests\Syncify.Sync.Application.Tests\obj\Syncify.Sync.Application.Tests.csproj.nuget.g.targets
		tests\Syncify.Sync.Application.Tests\obj\project.nuget.cache = tests\Syncify.Sync.Application.Tests\obj\project.nuget.cache
		tests\Syncify.Sync.Application.Tests\obj\rider.project.model.nuget.info = tests\Syncify.Sync.Application.Tests\obj\rider.project.model.nuget.info
		tests\Syncify.Sync.Application.Tests\obj\project.packagespec.json = tests\Syncify.Sync.Application.Tests\obj\project.packagespec.json
		tests\Syncify.Sync.Application.Tests\obj\project.assets.json = tests\Syncify.Sync.Application.Tests\obj\project.assets.json
		tests\Syncify.Sync.Application.Tests\obj\Syncify.Sync.Application.Tests.csproj.nuget.dgspec.json = tests\Syncify.Sync.Application.Tests\obj\Syncify.Sync.Application.Tests.csproj.nuget.dgspec.json
		tests\Syncify.Sync.Application.Tests\obj\Debug\net10.0\Syncify.Sync.Application.Tests.dll = tests\Syncify.Sync.Application.Tests\obj\Debug\net10.0\Syncify.Sync.Application.Tests.dll
		tests\Syncify.Sync.Application.Tests\obj\Debug\net10.0\ref\Syncify.Sync.Application.Tests.dll = tests\Syncify.Sync.Application.Tests\obj\Debug\net10.0\ref\Syncify.Sync.Application.Tests.dll
		tests\Syncify.Sync.Application.Tests\obj\Debug\net10.0\Syncify.Sync.Application.Tests.csproj.AssemblyReference.cache = tests\Syncify.Sync.Application.Tests\obj\Debug\net10.0\Syncify.Sync.Application.Tests.csproj.AssemblyReference.cache
		tests\Syncify.Sync.Application.Tests\obj\Debug\net10.0\Syncify.Sync.Application.Tests.assets.cache = tests\Syncify.Sync.Application.Tests\obj\Debug\net10.0\Syncify.Sync.Application.Tests.assets.cache
		tests\Syncify.Sync.Application.Tests\obj\Debug\net10.0\refint\Syncify.Sync.Application.Tests.dll = tests\Syncify.Sync.Application.Tests\obj\Debug\net10.0\refint\Syncify.Sync.Application.Tests.dll
		tests\Syncify.Sync.Application.Tests\obj\Debug\net10.0\Syncify.Sync.Application.Tests.genruntimeconfig.cache = tests\Syncify.Sync.Application.Tests\obj\Debug\net10.0\Syncify.Sync.Application.Tests.genruntimeconfig.cache
		tests\Syncify.Sync.Application.Tests\obj\Debug\net10.0\Syncify.Sync.Application.Tests.GlobalUsings.g.cs = tests\Syncify.Sync.Application.Tests\obj\Debug\net10.0\Syncify.Sync.Application.Tests.GlobalUsings.g.cs
		tests\Syncify.Sync.Application.Tests\obj\Debug\net10.0\Syncify.Sync.Application.Tests.pdb = tests\Syncify.Sync.Application.Tests\obj\Debug\net10.0\Syncify.Sync.Application.Tests.pdb
		tests\Syncify.Sync.Application.Tests\obj\Debug\net10.0\Syncify.Sync.Application.Tests.AssemblyInfoInputs.cache = tests\Syncify.Sync.Application.Tests\obj\Debug\net10.0\Syncify.Sync.Application.Tests.AssemblyInfoInputs.cache
		tests\Syncify.Sync.Application.Tests\obj\Debug\net10.0\Syncify.Sync.Application.Tests.csproj.FileListAbsolute.txt = tests\Syncify.Sync.Application.Tests\obj\Debug\net10.0\Syncify.Sync.Application.Tests.csproj.FileListAbsolute.txt
		tests\Syncify.Sync.Application.Tests\obj\Debug\net10.0\.NETCoreApp,Version = tests\Syncify.Sync.Application.Tests\obj\Debug\net10.0\.NETCoreApp,Version
		tests\Syncify.Sync.Application.Tests\obj\Debug\net10.0\Syncify..54B4D0D8.Up2Date = tests\Syncify.Sync.Application.Tests\obj\Debug\net10.0\Syncify..54B4D0D8.Up2Date
		tests\Syncify.Sync.Application.Tests\obj\Debug\net10.0\Syncify.Sync.Application.Tests.AssemblyInfo.cs = tests\Syncify.Sync.Application.Tests\obj\Debug\net10.0\Syncify.Sync.Application.Tests.AssemblyInfo.cs
		tests\Syncify.Sync.Application.Tests\obj\Debug\net10.0\Syncify.Sync.Application.Tests.GeneratedMSBuildEditorConfig.editorconfig = tests\Syncify.Sync.Application.Tests\obj\Debug\net10.0\Syncify.Sync.Application.Tests.GeneratedMSBuildEditorConfig.editorconfig
		tests\Syncify.Sync.Application.Tests\obj\Debug\net10.0\Syncify.Sync.Application.Tests.csproj.CoreCompileInputs.cache = tests\Syncify.Sync.Application.Tests\obj\Debug\net10.0\Syncify.Sync.Application.Tests.csproj.CoreCompileInputs.cache
		tests\Syncify.Sync.Application.Tests\obj\Debug\net10.0\Syncify.Sync.Application.Tests.sourcelink.json = tests\Syncify.Sync.Application.Tests\obj\Debug\net10.0\Syncify.Sync.Application.Tests.sourcelink.json
		tests\Syncify.Sync.Application.Tests\bin\Debug\net10.0\zh-Hans\Microsoft.TestPlatform.CrossPlatEngine.resources.dll = tests\Syncify.Sync.Application.Tests\bin\Debug\net10.0\zh-Hans\Microsoft.TestPlatform.CrossPlatEngine.resources.dll
		tests\Syncify.Sync.Application.Tests\bin\Debug\net10.0\zh-Hans\Microsoft.VisualStudio.TestPlatform.ObjectModel.resources.dll = tests\Syncify.Sync.Application.Tests\bin\Debug\net10.0\zh-Hans\Microsoft.VisualStudio.TestPlatform.ObjectModel.resources.dll
		tests\Syncify.Sync.Application.Tests\bin\Debug\net10.0\zh-Hans\Microsoft.TestPlatform.CommunicationUtilities.resources.dll = tests\Syncify.Sync.Application.Tests\bin\Debug\net10.0\zh-Hans\Microsoft.TestPlatform.CommunicationUtilities.resources.dll
		tests\Syncify.Sync.Application.Tests\bin\Debug\net10.0\zh-Hans\Microsoft.TestPlatform.CoreUtilities.resources.dll = tests\Syncify.Sync.Application.Tests\bin\Debug\net10.0\zh-Hans\Microsoft.TestPlatform.CoreUtilities.resources.dll
		tests\Syncify.Sync.Application.Tests\bin\Debug\net10.0\zh-Hans\Microsoft.VisualStudio.TestPlatform.Common.resources.dll = tests\Syncify.Sync.Application.Tests\bin\Debug\net10.0\zh-Hans\Microsoft.VisualStudio.TestPlatform.Common.resources.dll
		tests\Syncify.Sync.Application.Tests\bin\Debug\net10.0\zh-Hant\Microsoft.TestPlatform.CrossPlatEngine.resources.dll = tests\Syncify.Sync.Application.Tests\bin\Debug\net10.0\zh-Hant\Microsoft.TestPlatform.CrossPlatEngine.resources.dll
		tests\Syncify.Sync.Application.Tests\bin\Debug\net10.0\zh-Hant\Microsoft.VisualStudio.TestPlatform.ObjectModel.resources.dll = tests\Syncify.Sync.Application.Tests\bin\Debug\net10.0\zh-Hant\Microsoft.VisualStudio.TestPlatform.ObjectModel.resources.dll
		tests\Syncify.Sync.Application.Tests\bin\Debug\net10.0\zh-Hant\Microsoft.TestPlatform.CommunicationUtilities.resources.dll = tests\Syncify.Sync.Application.Tests\bin\Debug\net10.0\zh-Hant\Microsoft.TestPlatform.CommunicationUtilities.resources.dll
		tests\Syncify.Sync.Application.Tests\bin\Debug\net10.0\zh-Hant\Microsoft.TestPlatform.CoreUtilities.resources.dll = tests\Syncify.Sync.Application.Tests\bin\Debug\net10.0\zh-Hant\Microsoft.TestPlatform.CoreUtilities.resources.dll
		tests\Syncify.Sync.Application.Tests\bin\Debug\net10.0\zh-Hant\Microsoft.VisualStudio.TestPlatform.Common.resources.dll = tests\Syncify.Sync.Application.Tests\bin\Debug\net10.0\zh-Hant\Microsoft.VisualStudio.TestPlatform.Common.resources.dll
		tests\Syncify.Sync.Application.Tests\bin\Debug\net10.0\Castle.Core.dll = tests\Syncify.Sync.Application.Tests\bin\Debug\net10.0\Castle.Core.dll
		tests\Syncify.Sync.Application.Tests\bin\Debug\net10.0\Microsoft.TestPlatform.CoreUtilities.dll = tests\Syncify.Sync.Application.Tests\bin\Debug\net10.0\Microsoft.TestPlatform.CoreUtilities.dll
		tests\Syncify.Sync.Application.Tests\bin\Debug\net10.0\Microsoft.IdentityModel.Logging.dll = tests\Syncify.Sync.Application.Tests\bin\Debug\net10.0\Microsoft.IdentityModel.Logging.dll
		tests\Syncify.Sync.Application.Tests\bin\Debug\net10.0\Syncify.Sync.Application.Tests.dll = tests\Syncify.Sync.Application.Tests\bin\Debug\net10.0\Syncify.Sync.Application.Tests.dll
		tests\Syncify.Sync.Application.Tests\bin\Debug\net10.0\pl\Microsoft.TestPlatform.CrossPlatEngine.resources.dll = tests\Syncify.Sync.Application.Tests\bin\Debug\net10.0\pl\Microsoft.TestPlatform.CrossPlatEngine.resources.dll
		tests\Syncify.Sync.Application.Tests\bin\Debug\net10.0\pl\Microsoft.VisualStudio.TestPlatform.ObjectModel.resources.dll = tests\Syncify.Sync.Application.Tests\bin\Debug\net10.0\pl\Microsoft.VisualStudio.TestPlatform.ObjectModel.resources.dll
		tests\Syncify.Sync.Application.Tests\bin\Debug\net10.0\pl\Microsoft.TestPlatform.CommunicationUtilities.resources.dll = tests\Syncify.Sync.Application.Tests\bin\Debug\net10.0\pl\Microsoft.TestPlatform.CommunicationUtilities.resources.dll
		tests\Syncify.Sync.Application.Tests\bin\Debug\net10.0\pl\Microsoft.TestPlatform.CoreUtilities.resources.dll = tests\Syncify.Sync.Application.Tests\bin\Debug\net10.0\pl\Microsoft.TestPlatform.CoreUtilities.resources.dll
		tests\Syncify.Sync.Application.Tests\bin\Debug\net10.0\pl\Microsoft.VisualStudio.TestPlatform.Common.resources.dll = tests\Syncify.Sync.Application.Tests\bin\Debug\net10.0\pl\Microsoft.VisualStudio.TestPlatform.Common.resources.dll
		tests\Syncify.Sync.Application.Tests\bin\Debug\net10.0\Syncify.Sync.Application.dll = tests\Syncify.Sync.Application.Tests\bin\Debug\net10.0\Syncify.Sync.Application.dll
		tests\Syncify.Sync.Application.Tests\bin\Debug\net10.0\.msCoverageSourceRootsMapping_Syncify.Sync.Application.Tests = tests\Syncify.Sync.Application.Tests\bin\Debug\net10.0\.msCoverageSourceRootsMapping_Syncify.Sync.Application.Tests
		tests\Syncify.Sync.Application.Tests\bin\Debug\net10.0\testhost.dll = tests\Syncify.Sync.Application.Tests\bin\Debug\net10.0\testhost.dll
		tests\Syncify.Sync.Application.Tests\bin\Debug\net10.0\xunit.abstractions.dll = tests\Syncify.Sync.Application.Tests\bin\Debug\net10.0\xunit.abstractions.dll
		tests\Syncify.Sync.Application.Tests\bin\Debug\net10.0\MediatR.dll = tests\Syncify.Sync.Application.Tests\bin\Debug\net10.0\MediatR.dll
		tests\Syncify.Sync.Application.Tests\bin\Debug\net10.0\Syncify.Shared.pdb = tests\Syncify.Sync.Application.Tests\bin\Debug\net10.0\Syncify.Shared.pdb
		tests\Syncify.Sync.Application.Tests\bin\Debug\net10.0\Microsoft.Extensions.Logging.Abstractions.dll = tests\Syncify.Sync.Application.Tests\bin\Debug\net10.0\Microsoft.Extensions.Logging.Abstractions.dll
		tests\Syncify.Sync.Application.Tests\bin\Debug\net10.0\xunit.core.dll = tests\Syncify.Sync.Application.Tests\bin\Debug\net10.0\xunit.core.dll
		tests\Syncify.Sync.Application.Tests\bin\Debug\net10.0\Syncify.Sync.Application.pdb = tests\Syncify.Sync.Application.Tests\bin\Debug\net10.0\Syncify.Sync.Application.pdb
		tests\Syncify.Sync.Application.Tests\bin\Debug\net10.0\ja\Microsoft.TestPlatform.CrossPlatEngine.resources.dll = tests\Syncify.Sync.Application.Tests\bin\Debug\net10.0\ja\Microsoft.TestPlatform.CrossPlatEngine.resources.dll
		tests\Syncify.Sync.Application.Tests\bin\Debug\net10.0\ja\Microsoft.VisualStudio.TestPlatform.ObjectModel.resources.dll = tests\Syncify.Sync.Application.Tests\bin\Debug\net10.0\ja\Microsoft.VisualStudio.TestPlatform.ObjectModel.resources.dll
		tests\Syncify.Sync.Application.Tests\bin\Debug\net10.0\ja\Microsoft.TestPlatform.CommunicationUtilities.resources.dll = tests\Syncify.Sync.Application.Tests\bin\Debug\net10.0\ja\Microsoft.TestPlatform.CommunicationUtilities.resources.dll
		tests\Syncify.Sync.Application.Tests\bin\Debug\net10.0\ja\Microsoft.TestPlatform.CoreUtilities.resources.dll = tests\Syncify.Sync.Application.Tests\bin\Debug\net10.0\ja\Microsoft.TestPlatform.CoreUtilities.resources.dll
		tests\Syncify.Sync.Application.Tests\bin\Debug\net10.0\ja\Microsoft.VisualStudio.TestPlatform.Common.resources.dll = tests\Syncify.Sync.Application.Tests\bin\Debug\net10.0\ja\Microsoft.VisualStudio.TestPlatform.Common.resources.dll
		tests\Syncify.Sync.Application.Tests\bin\Debug\net10.0\it\Microsoft.TestPlatform.CrossPlatEngine.resources.dll = tests\Syncify.Sync.Application.Tests\bin\Debug\net10.0\it\Microsoft.TestPlatform.CrossPlatEngine.resources.dll
		tests\Syncify.Sync.Application.Tests\bin\Debug\net10.0\it\Microsoft.VisualStudio.TestPlatform.ObjectModel.resources.dll = tests\Syncify.Sync.Application.Tests\bin\Debug\net10.0\it\Microsoft.VisualStudio.TestPlatform.ObjectModel.resources.dll
		tests\Syncify.Sync.Application.Tests\bin\Debug\net10.0\it\Microsoft.TestPlatform.CommunicationUtilities.resources.dll = tests\Syncify.Sync.Application.Tests\bin\Debug\net10.0\it\Microsoft.TestPlatform.CommunicationUtilities.resources.dll
		tests\Syncify.Sync.Application.Tests\bin\Debug\net10.0\it\Microsoft.TestPlatform.CoreUtilities.resources.dll = tests\Syncify.Sync.Application.Tests\bin\Debug\net10.0\it\Microsoft.TestPlatform.CoreUtilities.resources.dll
		tests\Syncify.Sync.Application.Tests\bin\Debug\net10.0\it\Microsoft.VisualStudio.TestPlatform.Common.resources.dll = tests\Syncify.Sync.Application.Tests\bin\Debug\net10.0\it\Microsoft.VisualStudio.TestPlatform.Common.resources.dll
		tests\Syncify.Sync.Application.Tests\bin\Debug\net10.0\cs\Microsoft.TestPlatform.CrossPlatEngine.resources.dll = tests\Syncify.Sync.Application.Tests\bin\Debug\net10.0\cs\Microsoft.TestPlatform.CrossPlatEngine.resources.dll
		tests\Syncify.Sync.Application.Tests\bin\Debug\net10.0\cs\Microsoft.VisualStudio.TestPlatform.ObjectModel.resources.dll = tests\Syncify.Sync.Application.Tests\bin\Debug\net10.0\cs\Microsoft.VisualStudio.TestPlatform.ObjectModel.resources.dll
		tests\Syncify.Sync.Application.Tests\bin\Debug\net10.0\cs\Microsoft.TestPlatform.CommunicationUtilities.resources.dll = tests\Syncify.Sync.Application.Tests\bin\Debug\net10.0\cs\Microsoft.TestPlatform.CommunicationUtilities.resources.dll
		tests\Syncify.Sync.Application.Tests\bin\Debug\net10.0\cs\Microsoft.TestPlatform.CoreUtilities.resources.dll = tests\Syncify.Sync.Application.Tests\bin\Debug\net10.0\cs\Microsoft.TestPlatform.CoreUtilities.resources.dll
		tests\Syncify.Sync.Application.Tests\bin\Debug\net10.0\cs\Microsoft.VisualStudio.TestPlatform.Common.resources.dll = tests\Syncify.Sync.Application.Tests\bin\Debug\net10.0\cs\Microsoft.VisualStudio.TestPlatform.Common.resources.dll
		tests\Syncify.Sync.Application.Tests\bin\Debug\net10.0\Moq.dll = tests\Syncify.Sync.Application.Tests\bin\Debug\net10.0\Moq.dll
		tests\Syncify.Sync.Application.Tests\bin\Debug\net10.0\Syncify.Sync.Application.Tests.pdb = tests\Syncify.Sync.Application.Tests\bin\Debug\net10.0\Syncify.Sync.Application.Tests.pdb
		tests\Syncify.Sync.Application.Tests\bin\Debug\net10.0\runtimes\win\lib\net6.0\System.Diagnostics.EventLog.Messages.dll = tests\Syncify.Sync.Application.Tests\bin\Debug\net10.0\runtimes\win\lib\net6.0\System.Diagnostics.EventLog.Messages.dll
		tests\Syncify.Sync.Application.Tests\bin\Debug\net10.0\runtimes\win\lib\net6.0\System.Diagnostics.EventLog.dll = tests\Syncify.Sync.Application.Tests\bin\Debug\net10.0\runtimes\win\lib\net6.0\System.Diagnostics.EventLog.dll
		tests\Syncify.Sync.Application.Tests\bin\Debug\net10.0\Syncify.Shared.dll = tests\Syncify.Sync.Application.Tests\bin\Debug\net10.0\Syncify.Shared.dll
		tests\Syncify.Sync.Application.Tests\bin\Debug\net10.0\MediatR.Contracts.dll = tests\Syncify.Sync.Application.Tests\bin\Debug\net10.0\MediatR.Contracts.dll
		tests\Syncify.Sync.Application.Tests\bin\Debug\net10.0\ru\Microsoft.TestPlatform.CrossPlatEngine.resources.dll = tests\Syncify.Sync.Application.Tests\bin\Debug\net10.0\ru\Microsoft.TestPlatform.CrossPlatEngine.resources.dll
		tests\Syncify.Sync.Application.Tests\bin\Debug\net10.0\ru\Microsoft.VisualStudio.TestPlatform.ObjectModel.resources.dll = tests\Syncify.Sync.Application.Tests\bin\Debug\net10.0\ru\Microsoft.VisualStudio.TestPlatform.ObjectModel.resources.dll
		tests\Syncify.Sync.Application.Tests\bin\Debug\net10.0\ru\Microsoft.TestPlatform.CommunicationUtilities.resources.dll = tests\Syncify.Sync.Application.Tests\bin\Debug\net10.0\ru\Microsoft.TestPlatform.CommunicationUtilities.resources.dll
		tests\Syncify.Sync.Application.Tests\bin\Debug\net10.0\ru\Microsoft.TestPlatform.CoreUtilities.resources.dll = tests\Syncify.Sync.Application.Tests\bin\Debug\net10.0\ru\Microsoft.TestPlatform.CoreUtilities.resources.dll
		tests\Syncify.Sync.Application.Tests\bin\Debug\net10.0\ru\Microsoft.VisualStudio.TestPlatform.Common.resources.dll = tests\Syncify.Sync.Application.Tests\bin\Debug\net10.0\ru\Microsoft.VisualStudio.TestPlatform.Common.resources.dll
		tests\Syncify.Sync.Application.Tests\bin\Debug\net10.0\Microsoft.VisualStudio.CodeCoverage.Shim.dll = tests\Syncify.Sync.Application.Tests\bin\Debug\net10.0\Microsoft.VisualStudio.CodeCoverage.Shim.dll
		tests\Syncify.Sync.Application.Tests\bin\Debug\net10.0\Microsoft.TestPlatform.CrossPlatEngine.dll = tests\Syncify.Sync.Application.Tests\bin\Debug\net10.0\Microsoft.TestPlatform.CrossPlatEngine.dll
		tests\Syncify.Sync.Application.Tests\bin\Debug\net10.0\Microsoft.IdentityModel.JsonWebTokens.dll = tests\Syncify.Sync.Application.Tests\bin\Debug\net10.0\Microsoft.IdentityModel.JsonWebTokens.dll
		tests\Syncify.Sync.Application.Tests\bin\Debug\net10.0\Microsoft.IdentityModel.Abstractions.dll = tests\Syncify.Sync.Application.Tests\bin\Debug\net10.0\Microsoft.IdentityModel.Abstractions.dll
		tests\Syncify.Sync.Application.Tests\bin\Debug\net10.0\xunit.runner.visualstudio.testadapter.dll = tests\Syncify.Sync.Application.Tests\bin\Debug\net10.0\xunit.runner.visualstudio.testadapter.dll
		tests\Syncify.Sync.Application.Tests\bin\Debug\net10.0\Syncify.Sync.Application.Tests.deps.json = tests\Syncify.Sync.Application.Tests\bin\Debug\net10.0\Syncify.Sync.Application.Tests.deps.json
		tests\Syncify.Sync.Application.Tests\bin\Debug\net10.0\Newtonsoft.Json.dll = tests\Syncify.Sync.Application.Tests\bin\Debug\net10.0\Newtonsoft.Json.dll
		tests\Syncify.Sync.Application.Tests\bin\Debug\net10.0\Microsoft.TestPlatform.PlatformAbstractions.dll = tests\Syncify.Sync.Application.Tests\bin\Debug\net10.0\Microsoft.TestPlatform.PlatformAbstractions.dll
		tests\Syncify.Sync.Application.Tests\bin\Debug\net10.0\Syncify.Sync.Domain.pdb = tests\Syncify.Sync.Application.Tests\bin\Debug\net10.0\Syncify.Sync.Domain.pdb
		tests\Syncify.Sync.Application.Tests\bin\Debug\net10.0\CoverletSourceRootsMapping_Syncify.Sync.Application.Tests = tests\Syncify.Sync.Application.Tests\bin\Debug\net10.0\CoverletSourceRootsMapping_Syncify.Sync.Application.Tests
		tests\Syncify.Sync.Application.Tests\bin\Debug\net10.0\pt-BR\Microsoft.TestPlatform.CrossPlatEngine.resources.dll = tests\Syncify.Sync.Application.Tests\bin\Debug\net10.0\pt-BR\Microsoft.TestPlatform.CrossPlatEngine.resources.dll
		tests\Syncify.Sync.Application.Tests\bin\Debug\net10.0\pt-BR\Microsoft.VisualStudio.TestPlatform.ObjectModel.resources.dll = tests\Syncify.Sync.Application.Tests\bin\Debug\net10.0\pt-BR\Microsoft.VisualStudio.TestPlatform.ObjectModel.resources.dll
		tests\Syncify.Sync.Application.Tests\bin\Debug\net10.0\pt-BR\Microsoft.TestPlatform.CommunicationUtilities.resources.dll = tests\Syncify.Sync.Application.Tests\bin\Debug\net10.0\pt-BR\Microsoft.TestPlatform.CommunicationUtilities.resources.dll
		tests\Syncify.Sync.Application.Tests\bin\Debug\net10.0\pt-BR\Microsoft.TestPlatform.CoreUtilities.resources.dll = tests\Syncify.Sync.Application.Tests\bin\Debug\net10.0\pt-BR\Microsoft.TestPlatform.CoreUtilities.resources.dll
		tests\Syncify.Sync.Application.Tests\bin\Debug\net10.0\pt-BR\Microsoft.VisualStudio.TestPlatform.Common.resources.dll = tests\Syncify.Sync.Application.Tests\bin\Debug\net10.0\pt-BR\Microsoft.VisualStudio.TestPlatform.Common.resources.dll
		tests\Syncify.Sync.Application.Tests\bin\Debug\net10.0\xunit.execution.dotnet.dll = tests\Syncify.Sync.Application.Tests\bin\Debug\net10.0\xunit.execution.dotnet.dll
		tests\Syncify.Sync.Application.Tests\bin\Debug\net10.0\Microsoft.VisualStudio.TestPlatform.Common.dll = tests\Syncify.Sync.Application.Tests\bin\Debug\net10.0\Microsoft.VisualStudio.TestPlatform.Common.dll
		tests\Syncify.Sync.Application.Tests\bin\Debug\net10.0\de\Microsoft.TestPlatform.CrossPlatEngine.resources.dll = tests\Syncify.Sync.Application.Tests\bin\Debug\net10.0\de\Microsoft.TestPlatform.CrossPlatEngine.resources.dll
		tests\Syncify.Sync.Application.Tests\bin\Debug\net10.0\de\Microsoft.VisualStudio.TestPlatform.ObjectModel.resources.dll = tests\Syncify.Sync.Application.Tests\bin\Debug\net10.0\de\Microsoft.VisualStudio.TestPlatform.ObjectModel.resources.dll
		tests\Syncify.Sync.Application.Tests\bin\Debug\net10.0\de\Microsoft.TestPlatform.CommunicationUtilities.resources.dll = tests\Syncify.Sync.Application.Tests\bin\Debug\net10.0\de\Microsoft.TestPlatform.CommunicationUtilities.resources.dll
		tests\Syncify.Sync.Application.Tests\bin\Debug\net10.0\de\Microsoft.TestPlatform.CoreUtilities.resources.dll = tests\Syncify.Sync.Application.Tests\bin\Debug\net10.0\de\Microsoft.TestPlatform.CoreUtilities.resources.dll
		tests\Syncify.Sync.Application.Tests\bin\Debug\net10.0\de\Microsoft.VisualStudio.TestPlatform.Common.resources.dll = tests\Syncify.Sync.Application.Tests\bin\Debug\net10.0\de\Microsoft.VisualStudio.TestPlatform.Common.resources.dll
		tests\Syncify.Sync.Application.Tests\bin\Debug\net10.0\ko\Microsoft.TestPlatform.CrossPlatEngine.resources.dll = tests\Syncify.Sync.Application.Tests\bin\Debug\net10.0\ko\Microsoft.TestPlatform.CrossPlatEngine.resources.dll
		tests\Syncify.Sync.Application.Tests\bin\Debug\net10.0\ko\Microsoft.VisualStudio.TestPlatform.ObjectModel.resources.dll = tests\Syncify.Sync.Application.Tests\bin\Debug\net10.0\ko\Microsoft.VisualStudio.TestPlatform.ObjectModel.resources.dll
		tests\Syncify.Sync.Application.Tests\bin\Debug\net10.0\ko\Microsoft.TestPlatform.CommunicationUtilities.resources.dll = tests\Syncify.Sync.Application.Tests\bin\Debug\net10.0\ko\Microsoft.TestPlatform.CommunicationUtilities.resources.dll
		tests\Syncify.Sync.Application.Tests\bin\Debug\net10.0\ko\Microsoft.TestPlatform.CoreUtilities.resources.dll = tests\Syncify.Sync.Application.Tests\bin\Debug\net10.0\ko\Microsoft.TestPlatform.CoreUtilities.resources.dll
		tests\Syncify.Sync.Application.Tests\bin\Debug\net10.0\ko\Microsoft.VisualStudio.TestPlatform.Common.resources.dll = tests\Syncify.Sync.Application.Tests\bin\Debug\net10.0\ko\Microsoft.VisualStudio.TestPlatform.Common.resources.dll
		tests\Syncify.Sync.Application.Tests\bin\Debug\net10.0\fr\Microsoft.TestPlatform.CrossPlatEngine.resources.dll = tests\Syncify.Sync.Application.Tests\bin\Debug\net10.0\fr\Microsoft.TestPlatform.CrossPlatEngine.resources.dll
		tests\Syncify.Sync.Application.Tests\bin\Debug\net10.0\fr\Microsoft.VisualStudio.TestPlatform.ObjectModel.resources.dll = tests\Syncify.Sync.Application.Tests\bin\Debug\net10.0\fr\Microsoft.VisualStudio.TestPlatform.ObjectModel.resources.dll
		tests\Syncify.Sync.Application.Tests\bin\Debug\net10.0\fr\Microsoft.TestPlatform.CommunicationUtilities.resources.dll = tests\Syncify.Sync.Application.Tests\bin\Debug\net10.0\fr\Microsoft.TestPlatform.CommunicationUtilities.resources.dll
		tests\Syncify.Sync.Application.Tests\bin\Debug\net10.0\fr\Microsoft.TestPlatform.CoreUtilities.resources.dll = tests\Syncify.Sync.Application.Tests\bin\Debug\net10.0\fr\Microsoft.TestPlatform.CoreUtilities.resources.dll
		tests\Syncify.Sync.Application.Tests\bin\Debug\net10.0\fr\Microsoft.VisualStudio.TestPlatform.Common.resources.dll = tests\Syncify.Sync.Application.Tests\bin\Debug\net10.0\fr\Microsoft.VisualStudio.TestPlatform.Common.resources.dll
		tests\Syncify.Sync.Application.Tests\bin\Debug\net10.0\Microsoft.IdentityModel.Tokens.dll = tests\Syncify.Sync.Application.Tests\bin\Debug\net10.0\Microsoft.IdentityModel.Tokens.dll
		tests\Syncify.Sync.Application.Tests\bin\Debug\net10.0\Syncify.Sync.Application.Tests.runtimeconfig.json = tests\Syncify.Sync.Application.Tests\bin\Debug\net10.0\Syncify.Sync.Application.Tests.runtimeconfig.json
		tests\Syncify.Sync.Application.Tests\bin\Debug\net10.0\Microsoft.VisualStudio.TestPlatform.ObjectModel.dll = tests\Syncify.Sync.Application.Tests\bin\Debug\net10.0\Microsoft.VisualStudio.TestPlatform.ObjectModel.dll
		tests\Syncify.Sync.Application.Tests\bin\Debug\net10.0\es\Microsoft.TestPlatform.CrossPlatEngine.resources.dll = tests\Syncify.Sync.Application.Tests\bin\Debug\net10.0\es\Microsoft.TestPlatform.CrossPlatEngine.resources.dll
		tests\Syncify.Sync.Application.Tests\bin\Debug\net10.0\es\Microsoft.VisualStudio.TestPlatform.ObjectModel.resources.dll = tests\Syncify.Sync.Application.Tests\bin\Debug\net10.0\es\Microsoft.VisualStudio.TestPlatform.ObjectModel.resources.dll
		tests\Syncify.Sync.Application.Tests\bin\Debug\net10.0\es\Microsoft.TestPlatform.CommunicationUtilities.resources.dll = tests\Syncify.Sync.Application.Tests\bin\Debug\net10.0\es\Microsoft.TestPlatform.CommunicationUtilities.resources.dll
		tests\Syncify.Sync.Application.Tests\bin\Debug\net10.0\es\Microsoft.TestPlatform.CoreUtilities.resources.dll = tests\Syncify.Sync.Application.Tests\bin\Debug\net10.0\es\Microsoft.TestPlatform.CoreUtilities.resources.dll
		tests\Syncify.Sync.Application.Tests\bin\Debug\net10.0\es\Microsoft.VisualStudio.TestPlatform.Common.resources.dll = tests\Syncify.Sync.Application.Tests\bin\Debug\net10.0\es\Microsoft.VisualStudio.TestPlatform.Common.resources.dll
		tests\Syncify.Sync.Application.Tests\bin\Debug\net10.0\Microsoft.Extensions.DependencyInjection.Abstractions.dll = tests\Syncify.Sync.Application.Tests\bin\Debug\net10.0\Microsoft.Extensions.DependencyInjection.Abstractions.dll
		tests\Syncify.Sync.Application.Tests\bin\Debug\net10.0\System.Diagnostics.EventLog.dll = tests\Syncify.Sync.Application.Tests\bin\Debug\net10.0\System.Diagnostics.EventLog.dll
		tests\Syncify.Sync.Application.Tests\bin\Debug\net10.0\Microsoft.TestPlatform.CommunicationUtilities.dll = tests\Syncify.Sync.Application.Tests\bin\Debug\net10.0\Microsoft.TestPlatform.CommunicationUtilities.dll
		tests\Syncify.Sync.Application.Tests\bin\Debug\net10.0\xunit.assert.dll = tests\Syncify.Sync.Application.Tests\bin\Debug\net10.0\xunit.assert.dll
		tests\Syncify.Sync.Application.Tests\bin\Debug\net10.0\Microsoft.TestPlatform.Utilities.dll = tests\Syncify.Sync.Application.Tests\bin\Debug\net10.0\Microsoft.TestPlatform.Utilities.dll
		tests\Syncify.Sync.Application.Tests\bin\Debug\net10.0\tr\Microsoft.TestPlatform.CrossPlatEngine.resources.dll = tests\Syncify.Sync.Application.Tests\bin\Debug\net10.0\tr\Microsoft.TestPlatform.CrossPlatEngine.resources.dll
		tests\Syncify.Sync.Application.Tests\bin\Debug\net10.0\tr\Microsoft.VisualStudio.TestPlatform.ObjectModel.resources.dll = tests\Syncify.Sync.Application.Tests\bin\Debug\net10.0\tr\Microsoft.VisualStudio.TestPlatform.ObjectModel.resources.dll
		tests\Syncify.Sync.Application.Tests\bin\Debug\net10.0\tr\Microsoft.TestPlatform.CommunicationUtilities.resources.dll = tests\Syncify.Sync.Application.Tests\bin\Debug\net10.0\tr\Microsoft.TestPlatform.CommunicationUtilities.resources.dll
		tests\Syncify.Sync.Application.Tests\bin\Debug\net10.0\tr\Microsoft.TestPlatform.CoreUtilities.resources.dll = tests\Syncify.Sync.Application.Tests\bin\Debug\net10.0\tr\Microsoft.TestPlatform.CoreUtilities.resources.dll
		tests\Syncify.Sync.Application.Tests\bin\Debug\net10.0\tr\Microsoft.VisualStudio.TestPlatform.Common.resources.dll = tests\Syncify.Sync.Application.Tests\bin\Debug\net10.0\tr\Microsoft.VisualStudio.TestPlatform.Common.resources.dll
		tests\Syncify.Sync.Application.Tests\bin\Debug\net10.0\Syncify.Sync.Domain.dll = tests\Syncify.Sync.Application.Tests\bin\Debug\net10.0\Syncify.Sync.Domain.dll
		tests\Syncify.Sync.Application.Tests\CreateSyncRuleTests.cs = tests\Syncify.Sync.Application.Tests\CreateSyncRuleTests.cs
		tests\Syncify.Sync.Application.Tests\Syncify.Sync.Application.Tests.csproj = tests\Syncify.Sync.Application.Tests\Syncify.Sync.Application.Tests.csproj
	EndProjectSection
EndProject
Project("{FAE04EC0-301F-11D3-BF4B-00C04F79EFBC}") = "Syncify.Connections.Domain.Tests", "tests\Syncify.Connections.Domain.Tests\Syncify.Connections.Domain.Tests.csproj", "{8412886A-A62E-48A5-8D26-E0209C9BBA6F}"
EndProject
Project("{FAE04EC0-301F-11D3-BF4B-00C04F79EFBC}") = "Syncify.Sync.Domain.Tests", "tests\Syncify.Sync.Domain.Tests\Syncify.Sync.Domain.Tests.csproj", "{A3BD52E8-1E08-4675-B7AE-58D65A254002}"
EndProject
Project("{FAE04EC0-301F-11D3-BF4B-00C04F79EFBC}") = "Syncify.Api.Tests", "tests\Syncify.Api.Tests\Syncify.Api.Tests.csproj", "{4BC9579A-4F7D-4F1B-85E3-7CB1AAFF871D}"
EndProject
Project("{FAE04EC0-301F-11D3-BF4B-00C04F79EFBC}") = "Syncify.Connections.Application.Tests", "tests\Syncify.Connections.Application.Tests\Syncify.Connections.Application.Tests.csproj", "{5EE0D135-14D8-44BA-989B-3FCA2D4531D8}"
EndProject
Project("{FAE04EC0-301F-11D3-BF4B-00C04F79EFBC}") = "Syncify.Sync.Application.Tests", "tests\Syncify.Sync.Application.Tests\Syncify.Sync.Application.Tests.csproj", "{08F090B1-03D5-42C0-ABCB-46D1B2906A4B}"
EndProject
Global
	GlobalSection(SolutionConfigurationPlatforms) = preSolution
		Debug|Any CPU = Debug|Any CPU
		Debug|x64 = Debug|x64
		Debug|x86 = Debug|x86
		Release|Any CPU = Release|Any CPU
		Release|x64 = Release|x64
		Release|x86 = Release|x86
	EndGlobalSection
	GlobalSection(ProjectConfigurationPlatforms) = postSolution
		{654B7E0F-40A0-4B47-87AA-86FBB9F04EA0}.Debug|Any CPU.ActiveCfg = Debug|Any CPU
		{654B7E0F-40A0-4B47-87AA-86FBB9F04EA0}.Debug|Any CPU.Build.0 = Debug|Any CPU
		{654B7E0F-40A0-4B47-87AA-86FBB9F04EA0}.Debug|x64.ActiveCfg = Debug|Any CPU
		{654B7E0F-40A0-4B47-87AA-86FBB9F04EA0}.Debug|x64.Build.0 = Debug|Any CPU
		{654B7E0F-40A0-4B47-87AA-86FBB9F04EA0}.Debug|x86.ActiveCfg = Debug|Any CPU
		{654B7E0F-40A0-4B47-87AA-86FBB9F04EA0}.Debug|x86.Build.0 = Debug|Any CPU
		{654B7E0F-40A0-4B47-87AA-86FBB9F04EA0}.Release|Any CPU.ActiveCfg = Release|Any CPU
		{654B7E0F-40A0-4B47-87AA-86FBB9F04EA0}.Release|Any CPU.Build.0 = Release|Any CPU
		{654B7E0F-40A0-4B47-87AA-86FBB9F04EA0}.Release|x64.ActiveCfg = Release|Any CPU
		{654B7E0F-40A0-4B47-87AA-86FBB9F04EA0}.Release|x64.Build.0 = Release|Any CPU
		{654B7E0F-40A0-4B47-87AA-86FBB9F04EA0}.Release|x86.ActiveCfg = Release|Any CPU
		{654B7E0F-40A0-4B47-87AA-86FBB9F04EA0}.Release|x86.Build.0 = Release|Any CPU
		{74731D66-58FA-4920-9B0C-C22B9F53DCEC}.Debug|Any CPU.ActiveCfg = Debug|Any CPU
		{74731D66-58FA-4920-9B0C-C22B9F53DCEC}.Debug|Any CPU.Build.0 = Debug|Any CPU
		{74731D66-58FA-4920-9B0C-C22B9F53DCEC}.Debug|x64.ActiveCfg = Debug|Any CPU
		{74731D66-58FA-4920-9B0C-C22B9F53DCEC}.Debug|x64.Build.0 = Debug|Any CPU
		{74731D66-58FA-4920-9B0C-C22B9F53DCEC}.Debug|x86.ActiveCfg = Debug|Any CPU
		{74731D66-58FA-4920-9B0C-C22B9F53DCEC}.Debug|x86.Build.0 = Debug|Any CPU
		{74731D66-58FA-4920-9B0C-C22B9F53DCEC}.Release|Any CPU.ActiveCfg = Release|Any CPU
		{74731D66-58FA-4920-9B0C-C22B9F53DCEC}.Release|Any CPU.Build.0 = Release|Any CPU
		{74731D66-58FA-4920-9B0C-C22B9F53DCEC}.Release|x64.ActiveCfg = Release|Any CPU
		{74731D66-58FA-4920-9B0C-C22B9F53DCEC}.Release|x64.Build.0 = Release|Any CPU
		{74731D66-58FA-4920-9B0C-C22B9F53DCEC}.Release|x86.ActiveCfg = Release|Any CPU
		{74731D66-58FA-4920-9B0C-C22B9F53DCEC}.Release|x86.Build.0 = Release|Any CPU
		{29ABDEF8-06C3-48BF-98A0-7F25B4184E8B}.Debug|Any CPU.ActiveCfg = Debug|Any CPU
		{29ABDEF8-06C3-48BF-98A0-7F25B4184E8B}.Debug|Any CPU.Build.0 = Debug|Any CPU
		{29ABDEF8-06C3-48BF-98A0-7F25B4184E8B}.Debug|x64.ActiveCfg = Debug|Any CPU
		{29ABDEF8-06C3-48BF-98A0-7F25B4184E8B}.Debug|x64.Build.0 = Debug|Any CPU
		{29ABDEF8-06C3-48BF-98A0-7F25B4184E8B}.Debug|x86.ActiveCfg = Debug|Any CPU
		{29ABDEF8-06C3-48BF-98A0-7F25B4184E8B}.Debug|x86.Build.0 = Debug|Any CPU
		{29ABDEF8-06C3-48BF-98A0-7F25B4184E8B}.Release|Any CPU.ActiveCfg = Release|Any CPU
		{29ABDEF8-06C3-48BF-98A0-7F25B4184E8B}.Release|Any CPU.Build.0 = Release|Any CPU
		{29ABDEF8-06C3-48BF-98A0-7F25B4184E8B}.Release|x64.ActiveCfg = Release|Any CPU
		{29ABDEF8-06C3-48BF-98A0-7F25B4184E8B}.Release|x64.Build.0 = Release|Any CPU
		{29ABDEF8-06C3-48BF-98A0-7F25B4184E8B}.Release|x86.ActiveCfg = Release|Any CPU
		{29ABDEF8-06C3-48BF-98A0-7F25B4184E8B}.Release|x86.Build.0 = Release|Any CPU
		{6552DD39-AAB7-420C-8E73-525EC8184575}.Debug|Any CPU.ActiveCfg = Debug|Any CPU
		{6552DD39-AAB7-420C-8E73-525EC8184575}.Debug|Any CPU.Build.0 = Debug|Any CPU
		{6552DD39-AAB7-420C-8E73-525EC8184575}.Debug|x64.ActiveCfg = Debug|Any CPU
		{6552DD39-AAB7-420C-8E73-525EC8184575}.Debug|x64.Build.0 = Debug|Any CPU
		{6552DD39-AAB7-420C-8E73-525EC8184575}.Debug|x86.ActiveCfg = Debug|Any CPU
		{6552DD39-AAB7-420C-8E73-525EC8184575}.Debug|x86.Build.0 = Debug|Any CPU
		{6552DD39-AAB7-420C-8E73-525EC8184575}.Release|Any CPU.ActiveCfg = Release|Any CPU
		{6552DD39-AAB7-420C-8E73-525EC8184575}.Release|Any CPU.Build.0 = Release|Any CPU
		{6552DD39-AAB7-420C-8E73-525EC8184575}.Release|x64.ActiveCfg = Release|Any CPU
		{6552DD39-AAB7-420C-8E73-525EC8184575}.Release|x64.Build.0 = Release|Any CPU
		{6552DD39-AAB7-420C-8E73-525EC8184575}.Release|x86.ActiveCfg = Release|Any CPU
		{6552DD39-AAB7-420C-8E73-525EC8184575}.Release|x86.Build.0 = Release|Any CPU
		{1619509D-2028-4B93-B966-DCD147E9072F}.Debug|Any CPU.ActiveCfg = Debug|Any CPU
		{1619509D-2028-4B93-B966-DCD147E9072F}.Debug|Any CPU.Build.0 = Debug|Any CPU
		{1619509D-2028-4B93-B966-DCD147E9072F}.Debug|x64.ActiveCfg = Debug|Any CPU
		{1619509D-2028-4B93-B966-DCD147E9072F}.Debug|x64.Build.0 = Debug|Any CPU
		{1619509D-2028-4B93-B966-DCD147E9072F}.Debug|x86.ActiveCfg = Debug|Any CPU
		{1619509D-2028-4B93-B966-DCD147E9072F}.Debug|x86.Build.0 = Debug|Any CPU
		{1619509D-2028-4B93-B966-DCD147E9072F}.Release|Any CPU.ActiveCfg = Release|Any CPU
		{1619509D-2028-4B93-B966-DCD147E9072F}.Release|Any CPU.Build.0 = Release|Any CPU
		{1619509D-2028-4B93-B966-DCD147E9072F}.Release|x64.ActiveCfg = Release|Any CPU
		{1619509D-2028-4B93-B966-DCD147E9072F}.Release|x64.Build.0 = Release|Any CPU
		{1619509D-2028-4B93-B966-DCD147E9072F}.Release|x86.ActiveCfg = Release|Any CPU
		{1619509D-2028-4B93-B966-DCD147E9072F}.Release|x86.Build.0 = Release|Any CPU
		{AC6C0658-8A7B-4BF9-97F6-DB0927AC481D}.Debug|Any CPU.ActiveCfg = Debug|Any CPU
		{AC6C0658-8A7B-4BF9-97F6-DB0927AC481D}.Debug|Any CPU.Build.0 = Debug|Any CPU
		{AC6C0658-8A7B-4BF9-97F6-DB0927AC481D}.Debug|x64.ActiveCfg = Debug|Any CPU
		{AC6C0658-8A7B-4BF9-97F6-DB0927AC481D}.Debug|x64.Build.0 = Debug|Any CPU
		{AC6C0658-8A7B-4BF9-97F6-DB0927AC481D}.Debug|x86.ActiveCfg = Debug|Any CPU
		{AC6C0658-8A7B-4BF9-97F6-DB0927AC481D}.Debug|x86.Build.0 = Debug|Any CPU
		{AC6C0658-8A7B-4BF9-97F6-DB0927AC481D}.Release|Any CPU.ActiveCfg = Release|Any CPU
		{AC6C0658-8A7B-4BF9-97F6-DB0927AC481D}.Release|Any CPU.Build.0 = Release|Any CPU
		{AC6C0658-8A7B-4BF9-97F6-DB0927AC481D}.Release|x64.ActiveCfg = Release|Any CPU
		{AC6C0658-8A7B-4BF9-97F6-DB0927AC481D}.Release|x64.Build.0 = Release|Any CPU
		{AC6C0658-8A7B-4BF9-97F6-DB0927AC481D}.Release|x86.ActiveCfg = Release|Any CPU
		{AC6C0658-8A7B-4BF9-97F6-DB0927AC481D}.Release|x86.Build.0 = Release|Any CPU
		{9AE5ADAE-25ED-474A-8FF7-95BAC5C1825C}.Debug|Any CPU.ActiveCfg = Debug|Any CPU
		{9AE5ADAE-25ED-474A-8FF7-95BAC5C1825C}.Debug|Any CPU.Build.0 = Debug|Any CPU
		{9AE5ADAE-25ED-474A-8FF7-95BAC5C1825C}.Debug|x64.ActiveCfg = Debug|Any CPU
		{9AE5ADAE-25ED-474A-8FF7-95BAC5C1825C}.Debug|x64.Build.0 = Debug|Any CPU
		{9AE5ADAE-25ED-474A-8FF7-95BAC5C1825C}.Debug|x86.ActiveCfg = Debug|Any CPU
		{9AE5ADAE-25ED-474A-8FF7-95BAC5C1825C}.Debug|x86.Build.0 = Debug|Any CPU
		{9AE5ADAE-25ED-474A-8FF7-95BAC5C1825C}.Release|Any CPU.ActiveCfg = Release|Any CPU
		{9AE5ADAE-25ED-474A-8FF7-95BAC5C1825C}.Release|Any CPU.Build.0 = Release|Any CPU
		{9AE5ADAE-25ED-474A-8FF7-95BAC5C1825C}.Release|x64.ActiveCfg = Release|Any CPU
		{9AE5ADAE-25ED-474A-8FF7-95BAC5C1825C}.Release|x64.Build.0 = Release|Any CPU
		{9AE5ADAE-25ED-474A-8FF7-95BAC5C1825C}.Release|x86.ActiveCfg = Release|Any CPU
		{9AE5ADAE-25ED-474A-8FF7-95BAC5C1825C}.Release|x86.Build.0 = Release|Any CPU
		{46251F20-33B6-4ABB-A09B-2C0BB6A38797}.Debug|Any CPU.ActiveCfg = Debug|Any CPU
		{46251F20-33B6-4ABB-A09B-2C0BB6A38797}.Debug|Any CPU.Build.0 = Debug|Any CPU
		{46251F20-33B6-4ABB-A09B-2C0BB6A38797}.Debug|x64.ActiveCfg = Debug|Any CPU
		{46251F20-33B6-4ABB-A09B-2C0BB6A38797}.Debug|x64.Build.0 = Debug|Any CPU
		{46251F20-33B6-4ABB-A09B-2C0BB6A38797}.Debug|x86.ActiveCfg = Debug|Any CPU
		{46251F20-33B6-4ABB-A09B-2C0BB6A38797}.Debug|x86.Build.0 = Debug|Any CPU
		{46251F20-33B6-4ABB-A09B-2C0BB6A38797}.Release|Any CPU.ActiveCfg = Release|Any CPU
		{46251F20-33B6-4ABB-A09B-2C0BB6A38797}.Release|Any CPU.Build.0 = Release|Any CPU
		{46251F20-33B6-4ABB-A09B-2C0BB6A38797}.Release|x64.ActiveCfg = Release|Any CPU
		{46251F20-33B6-4ABB-A09B-2C0BB6A38797}.Release|x64.Build.0 = Release|Any CPU
		{46251F20-33B6-4ABB-A09B-2C0BB6A38797}.Release|x86.ActiveCfg = Release|Any CPU
		{46251F20-33B6-4ABB-A09B-2C0BB6A38797}.Release|x86.Build.0 = Release|Any CPU
		{8412886A-A62E-48A5-8D26-E0209C9BBA6F}.Debug|Any CPU.ActiveCfg = Debug|Any CPU
		{8412886A-A62E-48A5-8D26-E0209C9BBA6F}.Debug|Any CPU.Build.0 = Debug|Any CPU
		{8412886A-A62E-48A5-8D26-E0209C9BBA6F}.Debug|x64.ActiveCfg = Debug|Any CPU
		{8412886A-A62E-48A5-8D26-E0209C9BBA6F}.Debug|x64.Build.0 = Debug|Any CPU
		{8412886A-A62E-48A5-8D26-E0209C9BBA6F}.Debug|x86.ActiveCfg = Debug|Any CPU
		{8412886A-A62E-48A5-8D26-E0209C9BBA6F}.Debug|x86.Build.0 = Debug|Any CPU
		{8412886A-A62E-48A5-8D26-E0209C9BBA6F}.Release|Any CPU.ActiveCfg = Release|Any CPU
		{8412886A-A62E-48A5-8D26-E0209C9BBA6F}.Release|Any CPU.Build.0 = Release|Any CPU
		{8412886A-A62E-48A5-8D26-E0209C9BBA6F}.Release|x64.ActiveCfg = Release|Any CPU
		{8412886A-A62E-48A5-8D26-E0209C9BBA6F}.Release|x64.Build.0 = Release|Any CPU
		{8412886A-A62E-48A5-8D26-E0209C9BBA6F}.Release|x86.ActiveCfg = Release|Any CPU
		{8412886A-A62E-48A5-8D26-E0209C9BBA6F}.Release|x86.Build.0 = Release|Any CPU
		{A3BD52E8-1E08-4675-B7AE-58D65A254002}.Debug|Any CPU.ActiveCfg = Debug|Any CPU
		{A3BD52E8-1E08-4675-B7AE-58D65A254002}.Debug|Any CPU.Build.0 = Debug|Any CPU
		{A3BD52E8-1E08-4675-B7AE-58D65A254002}.Debug|x64.ActiveCfg = Debug|Any CPU
		{A3BD52E8-1E08-4675-B7AE-58D65A254002}.Debug|x64.Build.0 = Debug|Any CPU
		{A3BD52E8-1E08-4675-B7AE-58D65A254002}.Debug|x86.ActiveCfg = Debug|Any CPU
		{A3BD52E8-1E08-4675-B7AE-58D65A254002}.Debug|x86.Build.0 = Debug|Any CPU
		{A3BD52E8-1E08-4675-B7AE-58D65A254002}.Release|Any CPU.ActiveCfg = Release|Any CPU
		{A3BD52E8-1E08-4675-B7AE-58D65A254002}.Release|Any CPU.Build.0 = Release|Any CPU
		{A3BD52E8-1E08-4675-B7AE-58D65A254002}.Release|x64.ActiveCfg = Release|Any CPU
		{A3BD52E8-1E08-4675-B7AE-58D65A254002}.Release|x64.Build.0 = Release|Any CPU
		{A3BD52E8-1E08-4675-B7AE-58D65A254002}.Release|x86.ActiveCfg = Release|Any CPU
		{A3BD52E8-1E08-4675-B7AE-58D65A254002}.Release|x86.Build.0 = Release|Any CPU
		{4BC9579A-4F7D-4F1B-85E3-7CB1AAFF871D}.Debug|Any CPU.ActiveCfg = Debug|Any CPU
		{4BC9579A-4F7D-4F1B-85E3-7CB1AAFF871D}.Debug|Any CPU.Build.0 = Debug|Any CPU
		{4BC9579A-4F7D-4F1B-85E3-7CB1AAFF871D}.Debug|x64.ActiveCfg = Debug|Any CPU
		{4BC9579A-4F7D-4F1B-85E3-7CB1AAFF871D}.Debug|x64.Build.0 = Debug|Any CPU
		{4BC9579A-4F7D-4F1B-85E3-7CB1AAFF871D}.Debug|x86.ActiveCfg = Debug|Any CPU
		{4BC9579A-4F7D-4F1B-85E3-7CB1AAFF871D}.Debug|x86.Build.0 = Debug|Any CPU
		{4BC9579A-4F7D-4F1B-85E3-7CB1AAFF871D}.Release|Any CPU.ActiveCfg = Release|Any CPU
		{4BC9579A-4F7D-4F1B-85E3-7CB1AAFF871D}.Release|Any CPU.Build.0 = Release|Any CPU
		{4BC9579A-4F7D-4F1B-85E3-7CB1AAFF871D}.Release|x64.ActiveCfg = Release|Any CPU
		{4BC9579A-4F7D-4F1B-85E3-7CB1AAFF871D}.Release|x64.Build.0 = Release|Any CPU
		{4BC9579A-4F7D-4F1B-85E3-7CB1AAFF871D}.Release|x86.ActiveCfg = Release|Any CPU
		{4BC9579A-4F7D-4F1B-85E3-7CB1AAFF871D}.Release|x86.Build.0 = Release|Any CPU
		{5EE0D135-14D8-44BA-989B-3FCA2D4531D8}.Debug|Any CPU.ActiveCfg = Debug|Any CPU
		{5EE0D135-14D8-44BA-989B-3FCA2D4531D8}.Debug|Any CPU.Build.0 = Debug|Any CPU
		{5EE0D135-14D8-44BA-989B-3FCA2D4531D8}.Debug|x64.ActiveCfg = Debug|Any CPU
		{5EE0D135-14D8-44BA-989B-3FCA2D4531D8}.Debug|x64.Build.0 = Debug|Any CPU
		{5EE0D135-14D8-44BA-989B-3FCA2D4531D8}.Debug|x86.ActiveCfg = Debug|Any CPU
		{5EE0D135-14D8-44BA-989B-3FCA2D4531D8}.Debug|x86.Build.0 = Debug|Any CPU
		{5EE0D135-14D8-44BA-989B-3FCA2D4531D8}.Release|Any CPU.ActiveCfg = Release|Any CPU
		{5EE0D135-14D8-44BA-989B-3FCA2D4531D8}.Release|Any CPU.Build.0 = Release|Any CPU
		{5EE0D135-14D8-44BA-989B-3FCA2D4531D8}.Release|x64.ActiveCfg = Release|Any CPU
		{5EE0D135-14D8-44BA-989B-3FCA2D4531D8}.Release|x64.Build.0 = Release|Any CPU
		{5EE0D135-14D8-44BA-989B-3FCA2D4531D8}.Release|x86.ActiveCfg = Release|Any CPU
		{5EE0D135-14D8-44BA-989B-3FCA2D4531D8}.Release|x86.Build.0 = Release|Any CPU
		{08F090B1-03D5-42C0-ABCB-46D1B2906A4B}.Debug|Any CPU.ActiveCfg = Debug|Any CPU
		{08F090B1-03D5-42C0-ABCB-46D1B2906A4B}.Debug|Any CPU.Build.0 = Debug|Any CPU
		{08F090B1-03D5-42C0-ABCB-46D1B2906A4B}.Debug|x64.ActiveCfg = Debug|Any CPU
		{08F090B1-03D5-42C0-ABCB-46D1B2906A4B}.Debug|x64.Build.0 = Debug|Any CPU
		{08F090B1-03D5-42C0-ABCB-46D1B2906A4B}.Debug|x86.ActiveCfg = Debug|Any CPU
		{08F090B1-03D5-42C0-ABCB-46D1B2906A4B}.Debug|x86.Build.0 = Debug|Any CPU
		{08F090B1-03D5-42C0-ABCB-46D1B2906A4B}.Release|Any CPU.ActiveCfg = Release|Any CPU
		{08F090B1-03D5-42C0-ABCB-46D1B2906A4B}.Release|Any CPU.Build.0 = Release|Any CPU
		{08F090B1-03D5-42C0-ABCB-46D1B2906A4B}.Release|x64.ActiveCfg = Release|Any CPU
		{08F090B1-03D5-42C0-ABCB-46D1B2906A4B}.Release|x64.Build.0 = Release|Any CPU
		{08F090B1-03D5-42C0-ABCB-46D1B2906A4B}.Release|x86.ActiveCfg = Release|Any CPU
		{08F090B1-03D5-42C0-ABCB-46D1B2906A4B}.Release|x86.Build.0 = Release|Any CPU
	EndGlobalSection
	GlobalSection(SolutionProperties) = preSolution
		HideSolutionNode = FALSE
	EndGlobalSection
	GlobalSection(NestedProjects) = preSolution
		{654B7E0F-40A0-4B47-87AA-86FBB9F04EA0} = {827E0CD3-B72D-47B6-A68D-7590B98EB39B}
		{74731D66-58FA-4920-9B0C-C22B9F53DCEC} = {827E0CD3-B72D-47B6-A68D-7590B98EB39B}
		{29ABDEF8-06C3-48BF-98A0-7F25B4184E8B} = {827E0CD3-B72D-47B6-A68D-7590B98EB39B}
		{6552DD39-AAB7-420C-8E73-525EC8184575} = {827E0CD3-B72D-47B6-A68D-7590B98EB39B}
		{1619509D-2028-4B93-B966-DCD147E9072F} = {827E0CD3-B72D-47B6-A68D-7590B98EB39B}
		{AC6C0658-8A7B-4BF9-97F6-DB0927AC481D} = {827E0CD3-B72D-47B6-A68D-7590B98EB39B}
		{9AE5ADAE-25ED-474A-8FF7-95BAC5C1825C} = {827E0CD3-B72D-47B6-A68D-7590B98EB39B}
		{46251F20-33B6-4ABB-A09B-2C0BB6A38797} = {827E0CD3-B72D-47B6-A68D-7590B98EB39B}
		{8412886A-A62E-48A5-8D26-E0209C9BBA6F} = {0AB3BF05-4346-4AA6-1389-037BE0695223}
		{A3BD52E8-1E08-4675-B7AE-58D65A254002} = {0AB3BF05-4346-4AA6-1389-037BE0695223}
		{4BC9579A-4F7D-4F1B-85E3-7CB1AAFF871D} = {0AB3BF05-4346-4AA6-1389-037BE0695223}
		{5EE0D135-14D8-44BA-989B-3FCA2D4531D8} = {0AB3BF05-4346-4AA6-1389-037BE0695223}
		{08F090B1-03D5-42C0-ABCB-46D1B2906A4B} = {0AB3BF05-4346-4AA6-1389-037BE0695223}
	EndGlobalSection
EndGlobal
